
Microsoft Visual Studio Solution File, Format Version 12.00
# Visual Studio Version 17
VisualStudioVersion = 17.4.33213.308
MinimumVisualStudioVersion = 10.0.40219.1
Project("{FAE04EC0-301F-11D3-BF4B-00C04F79EFBC}") = "HelloEmgu1.5", "HelloEmgu1.5\HelloEmgu1.5.csproj", "{2CEAC532-35C7-4091-A025-7E3020D7E1C0}"
EndProject
Global
	GlobalSection(SolutionConfigurationPlatforms) = preSolution
		Debug|Any CPU = Debug|Any CPU
		Release|Any CPU = Release|Any CPU
	EndGlobalSection
	GlobalSection(ProjectConfigurationPlatforms) = postSolution
		{2CEAC532-35C7-4091-A025-7E3020D7E1C0}.Debug|Any CPU.ActiveCfg = Debug|Any CPU
		{2CEAC532-35C7-4091-A025-7E3020D7E1C0}.Debug|Any CPU.Build.0 = Debug|Any CPU
		{2CEAC532-35C7-4091-A025-7E3020D7E1C0}.Release|Any CPU.ActiveCfg = Release|Any CPU
		{2CEAC532-35C7-4091-A025-7E3020D7E1C0}.Release|Any CPU.Build.0 = Release|Any CPU
	EndGlobalSection
	GlobalSection(SolutionProperties) = preSolution
		HideSolutionNode = FALSE
	EndGlobalSection
	GlobalSection(ExtensibilityGlobals) = postSolution
		SolutionGuid = {198C8170-D8E3-47BE-BA34-37E21AF26877}
	EndGlobalSection
EndGlobal
